<Solution>
  <Folder Name="/FrontEnd/">
    <Project Path="Mango.Web/Mango.Web.csproj" Id="c9985a3e-df5a-448b-a5a5-b04dc921028a" />
  </Folder>
  <Folder Name="/Gateway/" />
  <Folder Name="/Integration/" />
  <Folder Name="/Services/">
    <Project Path="Mango.Services.CouponAPI/Mango.Services.CouponAPI.csproj" />
  </Folder>
</Solution>
