<Solution>
  <Folder Name="/FrontEnd/">
    <Project Path="Mango.Web/Mango.Web.csproj" Id="c9985a3e-df5a-448b-a5a5-b04dc921028a" />
  </Folder>
  <Folder Name="/Gateway/" />
  <Folder Name="/Integration/" />
  <Folder Name="/Services/">
    <Project Path="Mango.Services.AuthAPI/Mango.Services.AuthAPI.csproj" Id="817a6839-5d9a-4a31-adc7-52827dc1dd42" />
    <Project Path="Mango.Services.CouponAPI/Mango.Services.CouponAPI.csproj" />
    <Project Path="Mango.Services.ProductAPI/Mango.Services.ProductAPI.csproj" Id="35cfb54b-1fbe-4e2b-a346-20fbd8638d4f" />
  </Folder>
</Solution>
